
Microsoft Visual Studio Solution File, Format Version 12.00
# Visual Studio Version 17
VisualStudioVersion = 17.14.36221.1 d17.14
MinimumVisualStudioVersion = 10.0.40219.1
Project("{FAE04EC0-301F-11D3-BF4B-00C04F79EFBC}") = "HOTELWEBAPI", "HOTELWEBAPI.csproj", "{458A52D9-D0F8-415C-A004-637EFE30A0E8}"
EndProject
Project("{FAE04EC0-301F-11D3-BF4B-00C04F79EFBC}") = "HOTEL_LIB", "..\HOTEL_LIB\HOTEL_LIB.csproj", "{35354C89-F5F3-4790-A424-1EE1410994E2}"
EndProject
Global
	GlobalSection(SolutionConfigurationPlatforms) = preSolution
		Debug|Any CPU = Debug|Any CPU
		Release|Any CPU = Release|Any CPU
	EndGlobalSection
	GlobalSection(ProjectConfigurationPlatforms) = postSolution
		{458A52D9-D0F8-415C-A004-637EFE30A0E8}.Debug|Any CPU.ActiveCfg = Debug|Any CPU
		{458A52D9-D0F8-415C-A004-637EFE30A0E8}.Debug|Any CPU.Build.0 = Debug|Any CPU
		{458A52D9-D0F8-415C-A004-637EFE30A0E8}.Release|Any CPU.ActiveCfg = Release|Any CPU
		{458A52D9-D0F8-415C-A004-637EFE30A0E8}.Release|Any CPU.Build.0 = Release|Any CPU
		{35354C89-F5F3-4790-A424-1EE1410994E2}.Debug|Any CPU.ActiveCfg = Debug|Any CPU
		{35354C89-F5F3-4790-A424-1EE1410994E2}.Debug|Any CPU.Build.0 = Debug|Any CPU
		{35354C89-F5F3-4790-A424-1EE1410994E2}.Release|Any CPU.ActiveCfg = Release|Any CPU
		{35354C89-F5F3-4790-A424-1EE1410994E2}.Release|Any CPU.Build.0 = Release|Any CPU
	EndGlobalSection
	GlobalSection(SolutionProperties) = preSolution
		HideSolutionNode = FALSE
	EndGlobalSection
	GlobalSection(ExtensibilityGlobals) = postSolution
		SolutionGuid = {35314218-6C1B-44CB-A38C-1AA6A32CDDD4}
	EndGlobalSection
EndGlobal
